
Microsoft Visual Studio Solution File, Format Version 12.00
# Visual Studio 15
VisualStudioVersion = 15.0.28307.852
MinimumVisualStudioVersion = 10.0.40219.1
Project("{FAE04EC0-301F-11D3-BF4B-00C04F79EFBC}") = "SolutionAddedToRepo", "SolutionAddedToRepo\SolutionAddedToRepo.csproj", "{EA34F555-D603-4A3F-9296-8D82C56B5048}"
EndProject
Global
	GlobalSection(SolutionConfigurationPlatforms) = preSolution
		Debug|Any CPU = Debug|Any CPU
		Release|Any CPU = Release|Any CPU
	EndGlobalSection
	GlobalSection(ProjectConfigurationPlatforms) = postSolution
		{EA34F555-D603-4A3F-9296-8D82C56B5048}.Debug|Any CPU.ActiveCfg = Debug|Any CPU
		{EA34F555-D603-4A3F-9296-8D82C56B5048}.Debug|Any CPU.Build.0 = Debug|Any CPU
		{EA34F555-D603-4A3F-9296-8D82C56B5048}.Release|Any CPU.ActiveCfg = Release|Any CPU
		{EA34F555-D603-4A3F-9296-8D82C56B5048}.Release|Any CPU.Build.0 = Release|Any CPU
	EndGlobalSection
	GlobalSection(SolutionProperties) = preSolution
		HideSolutionNode = FALSE
	EndGlobalSection
	GlobalSection(ExtensibilityGlobals) = postSolution
		SolutionGuid = {F5B2C451-9EA7-4661-9D02-6F996DE774A8}
	EndGlobalSection
EndGlobal
